{
  "name": "typescript-autofix-import-bug",
  "version": "0.0.1",
  "lockfileVersion": 3,
  "requires": true,
  "packages": {
    "": {
      "name": "typescript-autofix-import-bug",
      "version": "0.0.1",
      "dependencies": {
        "typescript": "^5.7.0-dev.20241017"
      }
    },
    "node_modules/typescript": {
      "version": "5.7.0-dev.20241017",
      "resolved": "https://registry.npmjs.org/typescript/-/typescript-5.7.0-dev.20241017.tgz",
      "integrity": "sha512-ZxR14EdfbJK3JjGJ0dm6SjmHbOkJ86QM7k2ARlQzRyzNJV23E2bkdLW24fjVk5UyLyuTtIH9OMgpP++Q0G/Glg==",
      "bin": {
        "tsc": "bin/tsc",
        "tsserver": "bin/tsserver"
      },
      "engines": {
        "node": ">=14.17"
      }
    }
  }
}
